
Microsoft Visual Studio Solution File, Format Version 12.00
# Visual Studio Version 16
VisualStudioVersion = 16.0.31613.86
MinimumVisualStudioVersion = 10.0.40219.1
Project("{FAE04EC0-301F-11D3-BF4B-00C04F79EFBC}") = "F1ComparingWebApp", "F1ComparingWebApp\F1ComparingWebApp.csproj", "{246219D7-D74C-484B-B794-B874214A01DE}"
EndProject
Global
	GlobalSection(SolutionConfigurationPlatforms) = preSolution
		Debug|Any CPU = Debug|Any CPU
		Release|Any CPU = Release|Any CPU
	EndGlobalSection
	GlobalSection(ProjectConfigurationPlatforms) = postSolution
		{246219D7-D74C-484B-B794-B874214A01DE}.Debug|Any CPU.ActiveCfg = Debug|Any CPU
		{246219D7-D74C-484B-B794-B874214A01DE}.Debug|Any CPU.Build.0 = Debug|Any CPU
		{246219D7-D74C-484B-B794-B874214A01DE}.Release|Any CPU.ActiveCfg = Release|Any CPU
		{246219D7-D74C-484B-B794-B874214A01DE}.Release|Any CPU.Build.0 = Release|Any CPU
	EndGlobalSection
	GlobalSection(SolutionProperties) = preSolution
		HideSolutionNode = FALSE
	EndGlobalSection
	GlobalSection(ExtensibilityGlobals) = postSolution
		SolutionGuid = {042745EE-EA61-4EDE-A790-0F384C40FCF8}
	EndGlobalSection
EndGlobal
